# This file is automatically @generated by Cargo.
# It is not intended for manual editing.
version = 3

[[package]]
name = "bitflags"
version = "1.3.2"
source = "registry+https://github.com/rust-lang/crates.io-index"
checksum = "bef38d45163c2f1dde094a7dfd33ccf595c92905c8f8f4fdc18d06fb1037718a"

[[package]]
name = "logue_sdk"
version = "0.1.0"
dependencies = [
 "no-panics-whatsoever",
]

[[package]]
name = "logue_sdk_build"
version = "0.1.0"

[[package]]
name = "no-panics-whatsoever"
version = "0.1.0"
source = "registry+https://github.com/rust-lang/crates.io-index"
checksum = "6dbfcdf2ff238d5921f7ee5b319d65f9d5a4341ec07d648236abe820ed5fdc16"

[[package]]
name = "noise"
version = "0.1.0"
dependencies = [
 "logue_sdk",
 "logue_sdk_build",
]

[[package]]
name = "waves"
version = "0.1.0"
dependencies = [
 "bitflags",
 "logue_sdk",
 "logue_sdk_build",
]
